
Microsoft Visual Studio Solution File, Format Version 12.00
# Visual Studio Version 16
VisualStudioVersion = 16.0.31321.278
MinimumVisualStudioVersion = 10.0.40219.1
Project("{9A19103F-16F7-4668-BE54-9A1E7A4F7556}") = "MindreanDenisaProject", "MindreanDenisaProject.csproj", "{BC50835C-A4F2-4A2C-A3B6-AC0AABE305F8}"
EndProject
Project("{FAE04EC0-301F-11D3-BF4B-00C04F79EFBC}") = "AdminConsoleApp", "..\AdminConsoleApp\AdminConsoleApp.csproj", "{DC30CF9C-6773-4553-B76F-68956A91120E}"
EndProject
Global
	GlobalSection(SolutionConfigurationPlatforms) = preSolution
		Debug|Any CPU = Debug|Any CPU
		Release|Any CPU = Release|Any CPU
	EndGlobalSection
	GlobalSection(ProjectConfigurationPlatforms) = postSolution
		{BC50835C-A4F2-4A2C-A3B6-AC0AABE305F8}.Debug|Any CPU.ActiveCfg = Debug|Any CPU
		{BC50835C-A4F2-4A2C-A3B6-AC0AABE305F8}.Debug|Any CPU.Build.0 = Debug|Any CPU
		{BC50835C-A4F2-4A2C-A3B6-AC0AABE305F8}.Release|Any CPU.ActiveCfg = Release|Any CPU
		{BC50835C-A4F2-4A2C-A3B6-AC0AABE305F8}.Release|Any CPU.Build.0 = Release|Any CPU
		{DC30CF9C-6773-4553-B76F-68956A91120E}.Debug|Any CPU.ActiveCfg = Debug|Any CPU
		{DC30CF9C-6773-4553-B76F-68956A91120E}.Debug|Any CPU.Build.0 = Debug|Any CPU
		{DC30CF9C-6773-4553-B76F-68956A91120E}.Release|Any CPU.ActiveCfg = Release|Any CPU
		{DC30CF9C-6773-4553-B76F-68956A91120E}.Release|Any CPU.Build.0 = Release|Any CPU
	EndGlobalSection
	GlobalSection(SolutionProperties) = preSolution
		HideSolutionNode = FALSE
	EndGlobalSection
	GlobalSection(ExtensibilityGlobals) = postSolution
		SolutionGuid = {34820DA6-7C74-4139-B100-22B9436462CD}
	EndGlobalSection
EndGlobal
